Microsoft Visual Studio Solution File, Format Version 12.00
# Visual Studio Version 17
VisualStudioVersion = 17.5.2.0
MinimumVisualStudioVersion = 10.0.40219.1
Project("{2150E333-8FDC-42A3-9474-1A3956D46DE8}") = "MyFirstConsoleApp", "MyFirstConsoleApp", "{CE9AA562-149C-0D4C-6A89-5632A29245BD}"
EndProject
Project("{FAE04EC0-301F-11D3-BF4B-00C04F79EFBC}") = "JsonExample", "MyFirstConsoleApp\JsonExample\JsonExample.csproj", "{622451A5-C15E-A55B-83E1-FFA2C115DA0C}"
EndProject
Global
	GlobalSection(SolutionConfigurationPlatforms) = preSolution
		Debug|Any CPU = Debug|Any CPU
		Release|Any CPU = Release|Any CPU
	EndGlobalSection
	GlobalSection(ProjectConfigurationPlatforms) = postSolution
		{622451A5-C15E-A55B-83E1-FFA2C115DA0C}.Debug|Any CPU.ActiveCfg = Debug|Any CPU
		{622451A5-C15E-A55B-83E1-FFA2C115DA0C}.Debug|Any CPU.Build.0 = Debug|Any CPU
		{622451A5-C15E-A55B-83E1-FFA2C115DA0C}.Release|Any CPU.ActiveCfg = Release|Any CPU
		{622451A5-C15E-A55B-83E1-FFA2C115DA0C}.Release|Any CPU.Build.0 = Release|Any CPU
	EndGlobalSection
	GlobalSection(SolutionProperties) = preSolution
		HideSolutionNode = FALSE
	EndGlobalSection
	GlobalSection(NestedProjects) = preSolution
		{622451A5-C15E-A55B-83E1-FFA2C115DA0C} = {CE9AA562-149C-0D4C-6A89-5632A29245BD}
	EndGlobalSection
	GlobalSection(ExtensibilityGlobals) = postSolution
		SolutionGuid = {DE4CD40B-4215-47EA-AEEA-91322676A01C}
	EndGlobalSection
EndGlobal
